
Microsoft Visual Studio Solution File, Format Version 12.00
# Visual Studio Version 16
VisualStudioVersion = 16.0.31321.278
MinimumVisualStudioVersion = 10.0.40219.1
Project("{FAE04EC0-301F-11D3-BF4B-00C04F79EFBC}") = "Hygieia", "Hygieia\Hygieia.csproj", "{95885BC3-B4DE-4568-A830-39D4EBF64879}"
EndProject
Global
	GlobalSection(SolutionConfigurationPlatforms) = preSolution
		Debug|Any CPU = Debug|Any CPU
		Release|Any CPU = Release|Any CPU
	EndGlobalSection
	GlobalSection(ProjectConfigurationPlatforms) = postSolution
		{95885BC3-B4DE-4568-A830-39D4EBF64879}.Debug|Any CPU.ActiveCfg = Debug|Any CPU
		{95885BC3-B4DE-4568-A830-39D4EBF64879}.Debug|Any CPU.Build.0 = Debug|Any CPU
		{95885BC3-B4DE-4568-A830-39D4EBF64879}.Release|Any CPU.ActiveCfg = Release|Any CPU
		{95885BC3-B4DE-4568-A830-39D4EBF64879}.Release|Any CPU.Build.0 = Release|Any CPU
	EndGlobalSection
	GlobalSection(SolutionProperties) = preSolution
		HideSolutionNode = FALSE
	EndGlobalSection
	GlobalSection(ExtensibilityGlobals) = postSolution
		SolutionGuid = {634ED3F2-B89E-4615-8B69-2412F53C41EE}
	EndGlobalSection
EndGlobal
